
Microsoft Visual Studio Solution File, Format Version 12.00
# Visual Studio Version 17
VisualStudioVersion = 17.5.33530.505
MinimumVisualStudioVersion = 10.0.40219.1
Project("{FAE04EC0-301F-11D3-BF4B-00C04F79EFBC}") = "ContactsApi", "ContactsApi\ContactsApi.csproj", "{0DC45A6D-6874-474E-8251-164E40DCF120}"
EndProject
Project("{FAE04EC0-301F-11D3-BF4B-00C04F79EFBC}") = "Contacts.Domain", "Contacts.Domain\Contacts.Domain.csproj", "{BE55CF84-A547-4D77-BFB2-4AA6DC984276}"
EndProject
Project("{FAE04EC0-301F-11D3-BF4B-00C04F79EFBC}") = "Contacts.Application", "Contacts.Application\Contacts.Application.csproj", "{469376FF-090F-434B-AA07-054B24B41EB7}"
EndProject
Project("{FAE04EC0-301F-11D3-BF4B-00C04F79EFBC}") = "Contacts.Infrastructure", "Contacts.Infrastructure\Contacts.Infrastructure.csproj", "{06416EAC-BF0D-43D0-A47E-EC852EC6044D}"
EndProject
Project("{FAE04EC0-301F-11D3-BF4B-00C04F79EFBC}") = "Contacts.Core", "Contacts.Core\Contacts.Core.csproj", "{795E30E5-627E-4A78-99A0-C096BC278019}"
EndProject
Global
	GlobalSection(SolutionConfigurationPlatforms) = preSolution
		Debug|Any CPU = Debug|Any CPU
		Release|Any CPU = Release|Any CPU
	EndGlobalSection
	GlobalSection(ProjectConfigurationPlatforms) = postSolution
		{0DC45A6D-6874-474E-8251-164E40DCF120}.Debug|Any CPU.ActiveCfg = Debug|Any CPU
		{0DC45A6D-6874-474E-8251-164E40DCF120}.Debug|Any CPU.Build.0 = Debug|Any CPU
		{0DC45A6D-6874-474E-8251-164E40DCF120}.Release|Any CPU.ActiveCfg = Release|Any CPU
		{0DC45A6D-6874-474E-8251-164E40DCF120}.Release|Any CPU.Build.0 = Release|Any CPU
		{BE55CF84-A547-4D77-BFB2-4AA6DC984276}.Debug|Any CPU.ActiveCfg = Debug|Any CPU
		{BE55CF84-A547-4D77-BFB2-4AA6DC984276}.Debug|Any CPU.Build.0 = Debug|Any CPU
		{BE55CF84-A547-4D77-BFB2-4AA6DC984276}.Release|Any CPU.ActiveCfg = Release|Any CPU
		{BE55CF84-A547-4D77-BFB2-4AA6DC984276}.Release|Any CPU.Build.0 = Release|Any CPU
		{469376FF-090F-434B-AA07-054B24B41EB7}.Debug|Any CPU.ActiveCfg = Debug|Any CPU
		{469376FF-090F-434B-AA07-054B24B41EB7}.Debug|Any CPU.Build.0 = Debug|Any CPU
		{469376FF-090F-434B-AA07-054B24B41EB7}.Release|Any CPU.ActiveCfg = Release|Any CPU
		{469376FF-090F-434B-AA07-054B24B41EB7}.Release|Any CPU.Build.0 = Release|Any CPU
		{06416EAC-BF0D-43D0-A47E-EC852EC6044D}.Debug|Any CPU.ActiveCfg = Debug|Any CPU
		{06416EAC-BF0D-43D0-A47E-EC852EC6044D}.Debug|Any CPU.Build.0 = Debug|Any CPU
		{06416EAC-BF0D-43D0-A47E-EC852EC6044D}.Release|Any CPU.ActiveCfg = Release|Any CPU
		{06416EAC-BF0D-43D0-A47E-EC852EC6044D}.Release|Any CPU.Build.0 = Release|Any CPU
		{795E30E5-627E-4A78-99A0-C096BC278019}.Debug|Any CPU.ActiveCfg = Debug|Any CPU
		{795E30E5-627E-4A78-99A0-C096BC278019}.Debug|Any CPU.Build.0 = Debug|Any CPU
		{795E30E5-627E-4A78-99A0-C096BC278019}.Release|Any CPU.ActiveCfg = Release|Any CPU
		{795E30E5-627E-4A78-99A0-C096BC278019}.Release|Any CPU.Build.0 = Release|Any CPU
	EndGlobalSection
	GlobalSection(SolutionProperties) = preSolution
		HideSolutionNode = FALSE
	EndGlobalSection
	GlobalSection(ExtensibilityGlobals) = postSolution
		SolutionGuid = {361C0346-F5C3-4C0B-ADBE-568B06ACC2AB}
	EndGlobalSection
EndGlobal
